
Microsoft Visual Studio Solution File, Format Version 12.00
# Visual Studio 2012
Project("{FAE04EC0-301F-11D3-BF4B-00C04F79EFBC}") = "JasTechBlog", "JasTechBlog\JasTechBlog.csproj", "{CF52F43B-DFB0-45CE-A069-7663BA258452}"
EndProject
Project("{FAE04EC0-301F-11D3-BF4B-00C04F79EFBC}") = "JasTechBlog.Tests", "JasTechBlog.Tests\JasTechBlog.Tests.csproj", "{11F99BF6-F62D-431D-9563-F23FD290577C}"
EndProject
Global
	GlobalSection(SolutionConfigurationPlatforms) = preSolution
		Debug|Any CPU = Debug|Any CPU
		Release|Any CPU = Release|Any CPU
	EndGlobalSection
	GlobalSection(ProjectConfigurationPlatforms) = postSolution
		{CF52F43B-DFB0-45CE-A069-7663BA258452}.Debug|Any CPU.ActiveCfg = Debug|Any CPU
		{CF52F43B-DFB0-45CE-A069-7663BA258452}.Debug|Any CPU.Build.0 = Debug|Any CPU
		{CF52F43B-DFB0-45CE-A069-7663BA258452}.Release|Any CPU.ActiveCfg = Release|Any CPU
		{CF52F43B-DFB0-45CE-A069-7663BA258452}.Release|Any CPU.Build.0 = Release|Any CPU
		{11F99BF6-F62D-431D-9563-F23FD290577C}.Debug|Any CPU.ActiveCfg = Debug|Any CPU
		{11F99BF6-F62D-431D-9563-F23FD290577C}.Debug|Any CPU.Build.0 = Debug|Any CPU
		{11F99BF6-F62D-431D-9563-F23FD290577C}.Release|Any CPU.ActiveCfg = Release|Any CPU
		{11F99BF6-F62D-431D-9563-F23FD290577C}.Release|Any CPU.Build.0 = Release|Any CPU
	EndGlobalSection
	GlobalSection(SolutionProperties) = preSolution
		HideSolutionNode = FALSE
	EndGlobalSection
EndGlobal
